{
  "name": "SleepCare",
  "lockfileVersion": 3,
  "requires": true,
  "packages": {
    "": {
      "dependencies": {
        "groq": "^5.22.0",
        "ollama": "^0.6.3"
      }
    },
    "node_modules/groq": {
      "version": "5.22.0",
      "resolved": "https://registry.npmjs.org/groq/-/groq-5.22.0.tgz",
      "integrity": "sha512-mADJIWgW9z5Alg1n2hL6nPIyo8HqbOiBTJ9Mz34JD3VCNLpQX0k8pXPV0cEJF6ep9aV2rGk+j5+h3HoIq14ruA==",
      "license": "MIT",
      "engines": {
        "node": ">=20.19 <22 || >=22.12"
      }
    },
    "node_modules/ollama": {
      "version": "0.6.3",
      "resolved": "https://registry.npmjs.org/ollama/-/ollama-0.6.3.tgz",
      "integrity": "sha512-KEWEhIqE5wtfzEIZbDCLH51VFZ6Z3ZSa6sIOg/E/tBV8S51flyqBOXi+bRxlOYKDf8i327zG9eSTb8IJxvm3Zg==",
      "license": "MIT",
      "dependencies": {
        "whatwg-fetch": "^3.6.20"
      }
    },
    "node_modules/whatwg-fetch": {
      "version": "3.6.20",
      "resolved": "https://registry.npmjs.org/whatwg-fetch/-/whatwg-fetch-3.6.20.tgz",
      "integrity": "sha512-EqhiFU6daOA8kpjOWTL0olhVOF3i7OrFzSYiGsEMB8GcXS+RrzauAERX65xMeNWVqxA6HXH2m69Z9LaKKdisfg==",
      "license": "MIT"
    }
  }
}
